// !$*UTF8*$!
{
	archiveVersion = 1;
	classes = {
	};
	objectVersion = 56;
	objects = {

/* Begin PBXBuildFile section */
		FA3D1A522BCF21C10014896B /* ManageTranscriptionsView.swift in Sources */ = {isa = PBXBuildFile; fileRef = FA3D1A512BCF21C10014896B /* ManageTranscriptionsView.swift */; };
		FAA960582BAD2402001E62A8 /* GoogleGenerativeAI in Frameworks */ = {isa = PBXBuildFile; productRef = FAA960572BAD2402001E62A8 /* GoogleGenerativeAI */; };
		FAA9605A2BAD2515001E62A8 /* GenerativeAI-Info.plist in Resources */ = {isa = PBXBuildFile; fileRef = FAA960592BAD2515001E62A8 /* GenerativeAI-Info.plist */; };
		FAA9605D2BADA43E001E62A8 /* Algorithms in Frameworks */ = {isa = PBXBuildFile; productRef = FAA9605C2BADA43E001E62A8 /* Algorithms */; };
		FAF483B12BD210950066CEC6 /* Router.swift in Sources */ = {isa = PBXBuildFile; fileRef = FAF483B02BD210950066CEC6 /* Router.swift */; };
		FAFEE9A42B9FD10000B8A7A6 /* SonicSynopsisApp.swift in Sources */ = {isa = PBXBuildFile; fileRef = FAFEE9A32B9FD10000B8A7A6 /* SonicSynopsisApp.swift */; };
		FAFEE9A62B9FD10000B8A7A6 /* ContentView.swift in Sources */ = {isa = PBXBuildFile; fileRef = FAFEE9A52B9FD10000B8A7A6 /* ContentView.swift */; };
		FAFEE9A82B9FD10300B8A7A6 /* Assets.xcassets in Resources */ = {isa = PBXBuildFile; fileRef = FAFEE9A72B9FD10300B8A7A6 /* Assets.xcassets */; };
		FAFEE9AB2B9FD10300B8A7A6 /* Preview Assets.xcassets in Resources */ = {isa = PBXBuildFile; fileRef = FAFEE9AA2B9FD10300B8A7A6 /* Preview Assets.xcassets */; };
/* End PBXBuildFile section */

/* Begin PBXFileReference section */
		FA3D1A512BCF21C10014896B /* ManageTranscriptionsView.swift */ = {isa = PBXFileReference; lastKnownFileType = sourcecode.swift; path = ManageTranscriptionsView.swift; sourceTree = "<group>"; };
		FAA960592BAD2515001E62A8 /* GenerativeAI-Info.plist */ = {isa = PBXFileReference; lastKnownFileType = text.plist.xml; path = "GenerativeAI-Info.plist"; sourceTree = "<group>"; };
		FAF483B02BD210950066CEC6 /* Router.swift */ = {isa = PBXFileReference; lastKnownFileType = sourcecode.swift; path = Router.swift; sourceTree = "<group>"; };
		FAFEE9A02B9FD10000B8A7A6 /* SonicSynopsis.app */ = {isa = PBXFileReference; explicitFileType = wrapper.application; includeInIndex = 0; path = SonicSynopsis.app; sourceTree = BUILT_PRODUCTS_DIR; };
		FAFEE9A32B9FD10000B8A7A6 /* SonicSynopsisApp.swift */ = {isa = PBXFileReference; lastKnownFileType = sourcecode.swift; path = SonicSynopsisApp.swift; sourceTree = "<group>"; };
		FAFEE9A52B9FD10000B8A7A6 /* ContentView.swift */ = {isa = PBXFileReference; lastKnownFileType = sourcecode.swift; path = ContentView.swift; sourceTree = "<group>"; };
		FAFEE9A72B9FD10300B8A7A6 /* Assets.xcassets */ = {isa = PBXFileReference; lastKnownFileType = folder.assetcatalog; path = Assets.xcassets; sourceTree = "<group>"; };
		FAFEE9AA2B9FD10300B8A7A6 /* Preview Assets.xcassets */ = {isa = PBXFileReference; lastKnownFileType = folder.assetcatalog; path = "Preview Assets.xcassets"; sourceTree = "<group>"; };
		FAFEE9B22BA051D800B8A7A6 /* Info.plist */ = {isa = PBXFileReference; lastKnownFileType = text.plist; path = Info.plist; sourceTree = "<group>"; };
/* End PBXFileReference section */

/* Begin PBXFrameworksBuildPhase section */
		FAFEE99D2B9FD10000B8A7A6 /* Frameworks */ = {
			isa = PBXFrameworksBuildPhase;
			buildActionMask = 2147483647;
			files = (
				FAA9605D2BADA43E001E62A8 /* Algorithms in Frameworks */,
				FAA960582BAD2402001E62A8 /* GoogleGenerativeAI in Frameworks */,
			);
			runOnlyForDeploymentPostprocessing = 0;
		};
/* End PBXFrameworksBuildPhase section */

/* Begin PBXGroup section */
		FAFEE9972B9FD10000B8A7A6 = {
			isa = PBXGroup;
			children = (
				FAA960592BAD2515001E62A8 /* GenerativeAI-Info.plist */,
				FAFEE9A22B9FD10000B8A7A6 /* SonicSynopsis */,
				FAFEE9A12B9FD10000B8A7A6 /* Products */,
			);
			sourceTree = "<group>";
		};
		FAFEE9A12B9FD10000B8A7A6 /* Products */ = {
			isa = PBXGroup;
			children = (
				FAFEE9A02B9FD10000B8A7A6 /* SonicSynopsis.app */,
			);
			name = Products;
			sourceTree = "<group>";
		};
		FAFEE9A22B9FD10000B8A7A6 /* SonicSynopsis */ = {
			isa = PBXGroup;
			children = (
				FAFEE9B22BA051D800B8A7A6 /* Info.plist */,
				FAFEE9A32B9FD10000B8A7A6 /* SonicSynopsisApp.swift */,
				FAFEE9A52B9FD10000B8A7A6 /* ContentView.swift */,
				FAF483B02BD210950066CEC6 /* Router.swift */,
				FA3D1A512BCF21C10014896B /* ManageTranscriptionsView.swift */,
				FAFEE9A72B9FD10300B8A7A6 /* Assets.xcassets */,
				FAFEE9A92B9FD10300B8A7A6 /* Preview Content */,
			);
			path = SonicSynopsis;
			sourceTree = "<group>";
		};
		FAFEE9A92B9FD10300B8A7A6 /* Preview Content */ = {
			isa = PBXGroup;
			children = (
				FAFEE9AA2B9FD10300B8A7A6 /* Preview Assets.xcassets */,
			);
			path = "Preview Content";
			sourceTree = "<group>";
		};
/* End PBXGroup section */

/* Begin PBXNativeTarget section */
		FAFEE99F2B9FD10000B8A7A6 /* SonicSynopsis */ = {
			isa = PBXNativeTarget;
			buildConfigurationList = FAFEE9AE2B9FD10300B8A7A6 /* Build configuration list for PBXNativeTarget "SonicSynopsis" */;
			buildPhases = (
				FAFEE99C2B9FD10000B8A7A6 /* Sources */,
				FAFEE99D2B9FD10000B8A7A6 /* Frameworks */,
				FAFEE99E2B9FD10000B8A7A6 /* Resources */,
			);
			buildRules = (
			);
			dependencies = (
			);
			name = SonicSynopsis;
			packageProductDependencies = (
				FAA960572BAD2402001E62A8 /* GoogleGenerativeAI */,
				FAA9605C2BADA43E001E62A8 /* Algorithms */,
			);
			productName = SonicSynopsis;
			productReference = FAFEE9A02B9FD10000B8A7A6 /* SonicSynopsis.app */;
			productType = "com.apple.product-type.application";
		};
/* End PBXNativeTarget section */

/* Begin PBXProject section */
		FAFEE9982B9FD10000B8A7A6 /* Project object */ = {
			isa = PBXProject;
			attributes = {
				BuildIndependentTargetsInParallel = 1;
				LastSwiftUpdateCheck = 1520;
				LastUpgradeCheck = 1520;
				TargetAttributes = {
					FAFEE99F2B9FD10000B8A7A6 = {
						CreatedOnToolsVersion = 15.2;
					};
				};
			};
			buildConfigurationList = FAFEE99B2B9FD10000B8A7A6 /* Build configuration list for PBXProject "SonicSynopsis" */;
			compatibilityVersion = "Xcode 14.0";
			developmentRegion = en;
			hasScannedForEncodings = 0;
			knownRegions = (
				en,
				Base,
			);
			mainGroup = FAFEE9972B9FD10000B8A7A6;
			packageReferences = (
				FAA960562BAD2402001E62A8 /* XCRemoteSwiftPackageReference "generative-ai-swift" */,
				FAA9605B2BADA43E001E62A8 /* XCRemoteSwiftPackageReference "swift-algorithms" */,
			);
			productRefGroup = FAFEE9A12B9FD10000B8A7A6 /* Products */;
			projectDirPath = "";
			projectRoot = "";
			targets = (
				FAFEE99F2B9FD10000B8A7A6 /* SonicSynopsis */,
			);
		};
/* End PBXProject section */

/* Begin PBXResourcesBuildPhase section */
		FAFEE99E2B9FD10000B8A7A6 /* Resources */ = {
			isa = PBXResourcesBuildPhase;
			buildActionMask = 2147483647;
			files = (
				FAFEE9AB2B9FD10300B8A7A6 /* Preview Assets.xcassets in Resources */,
				FAFEE9A82B9FD10300B8A7A6 /* Assets.xcassets in Resources */,
				FAA9605A2BAD2515001E62A8 /* GenerativeAI-Info.plist in Resources */,
			);
			runOnlyForDeploymentPostprocessing = 0;
		};
/* End PBXResourcesBuildPhase section */

/* Begin PBXSourcesBuildPhase section */
		FAFEE99C2B9FD10000B8A7A6 /* Sources */ = {
			isa = PBXSourcesBuildPhase;
			buildActionMask = 2147483647;
			files = (
				FAF483B12BD210950066CEC6 /* Router.swift in Sources */,
				FA3D1A522BCF21C10014896B /* ManageTranscriptionsView.swift in Sources */,
				FAFEE9A62B9FD10000B8A7A6 /* ContentView.swift in Sources */,
				FAFEE9A42B9FD10000B8A7A6 /* SonicSynopsisApp.swift in Sources */,
			);
			runOnlyForDeploymentPostprocessing = 0;
		};
/* End PBXSourcesBuildPhase section */

/* Begin XCBuildConfiguration section */
		FAFEE9AC2B9FD10300B8A7A6 /* Debug */ = {
			isa = XCBuildConfiguration;
			buildSettings = {
				ALWAYS_SEARCH_USER_PATHS = NO;
				ASSETCATALOG_COMPILER_GENERATE_SWIFT_ASSET_SYMBOL_EXTENSIONS = YES;
				CLANG_ANALYZER_NONNULL = YES;
				CLANG_ANALYZER_NUMBER_OBJECT_CONVERSION = YES_AGGRESSIVE;
				CLANG_CXX_LANGUAGE_STANDARD = "gnu++20";
				CLANG_ENABLE_MODULES = YES;
				CLANG_ENABLE_OBJC_ARC = YES;
				CLANG_ENABLE_OBJC_WEAK = YES;
				CLANG_WARN_BLOCK_CAPTURE_AUTORELEASING = YES;
				CLANG_WARN_BOOL_CONVERSION = YES;
				CLANG_WARN_COMMA = YES;
				CLANG_WARN_CONSTANT_CONVERSION = YES;
				CLANG_WARN_DEPRECATED_OBJC_IMPLEMENTATIONS = YES;
				CLANG_WARN_DIRECT_OBJC_ISA_USAGE = YES_ERROR;
				CLANG_WARN_DOCUMENTATION_COMMENTS = YES;
				CLANG_WARN_EMPTY_BODY = YES;
				CLANG_WARN_ENUM_CONVERSION = YES;
				CLANG_WARN_INFINITE_RECURSION = YES;
				CLANG_WARN_INT_CONVERSION = YES;
				CLANG_WARN_NON_LITERAL_NULL_CONVERSION = YES;
				CLANG_WARN_OBJC_IMPLICIT_RETAIN_SELF = YES;
				CLANG_WARN_OBJC_LITERAL_CONVERSION = YES;
				CLANG_WARN_OBJC_ROOT_CLASS = YES_ERROR;
				CLANG_WARN_QUOTED_INCLUDE_IN_FRAMEWORK_HEADER = YES;
				CLANG_WARN_RANGE_LOOP_ANALYSIS = YES;
				CLANG_WARN_STRICT_PROTOTYPES = YES;
				CLANG_WARN_SUSPICIOUS_MOVE = YES;
				CLANG_WARN_UNGUARDED_AVAILABILITY = YES_AGGRESSIVE;
				CLANG_WARN_UNREACHABLE_CODE = YES;
				CLANG_WARN__DUPLICATE_METHOD_MATCH = YES;
				COPY_PHASE_STRIP = NO;
				DEBUG_INFORMATION_FORMAT = dwarf;
				ENABLE_STRICT_OBJC_MSGSEND = YES;
				ENABLE_TESTABILITY = YES;
				ENABLE_USER_SCRIPT_SANDBOXING = YES;
				GCC_C_LANGUAGE_STANDARD = gnu17;
				GCC_DYNAMIC_NO_PIC = NO;
				GCC_NO_COMMON_BLOCKS = YES;
				GCC_OPTIMIZATION_LEVEL = 0;
				GCC_PREPROCESSOR_DEFINITIONS = (
					"DEBUG=1",
					"$(inherited)",
				);
				GCC_WARN_64_TO_32_BIT_CONVERSION = YES;
				GCC_WARN_ABOUT_RETURN_TYPE = YES_ERROR;
				GCC_WARN_UNDECLARED_SELECTOR = YES;
				GCC_WARN_UNINITIALIZED_AUTOS = YES_AGGRESSIVE;
				GCC_WARN_UNUSED_FUNCTION = YES;
				GCC_WARN_UNUSED_VARIABLE = YES;
				IPHONEOS_DEPLOYMENT_TARGET = 17.2;
				LOCALIZATION_PREFERS_STRING_CATALOGS = YES;
				MTL_ENABLE_DEBUG_INFO = INCLUDE_SOURCE;
				MTL_FAST_MATH = YES;
				ONLY_ACTIVE_ARCH = YES;
				SDKROOT = iphoneos;
				SWIFT_ACTIVE_COMPILATION_CONDITIONS = "DEBUG $(inherited)";
				SWIFT_OPTIMIZATION_LEVEL = "-Onone";
			};
			name = Debug;
		};
		FAFEE9AD2B9FD10300B8A7A6 /* Release */ = {
			isa = XCBuildConfiguration;
			buildSettings = {
				ALWAYS_SEARCH_USER_PATHS = NO;
				ASSETCATALOG_COMPILER_GENERATE_SWIFT_ASSET_SYMBOL_EXTENSIONS = YES;
				CLANG_ANALYZER_NONNULL = YES;
				CLANG_ANALYZER_NUMBER_OBJECT_CONVERSION = YES_AGGRESSIVE;
				CLANG_CXX_LANGUAGE_STANDARD = "gnu++20";
				CLANG_ENABLE_MODULES = YES;
				CLANG_ENABLE_OBJC_ARC = YES;
				CLANG_ENABLE_OBJC_WEAK = YES;
				CLANG_WARN_BLOCK_CAPTURE_AUTORELEASING = YES;
				CLANG_WARN_BOOL_CONVERSION = YES;
				CLANG_WARN_COMMA = YES;
				CLANG_WARN_CONSTANT_CONVERSION = YES;
				CLANG_WARN_DEPRECATED_OBJC_IMPLEMENTATIONS = YES;
				CLANG_WARN_DIRECT_OBJC_ISA_USAGE = YES_ERROR;
				CLANG_WARN_DOCUMENTATION_COMMENTS = YES;
				CLANG_WARN_EMPTY_BODY = YES;
				CLANG_WARN_ENUM_CONVERSION = YES;
				CLANG_WARN_INFINITE_RECURSION = YES;
				CLANG_WARN_INT_CONVERSION = YES;
				CLANG_WARN_NON_LITERAL_NULL_CONVERSION = YES;
				CLANG_WARN_OBJC_IMPLICIT_RETAIN_SELF = YES;
				CLANG_WARN_OBJC_LITERAL_CONVERSION = YES;
				CLANG_WARN_OBJC_ROOT_CLASS = YES_ERROR;
				CLANG_WARN_QUOTED_INCLUDE_IN_FRAMEWORK_HEADER = YES;
				CLANG_WARN_RANGE_LOOP_ANALYSIS = YES;
				CLANG_WARN_STRICT_PROTOTYPES = YES;
				CLANG_WARN_SUSPICIOUS_MOVE = YES;
				CLANG_WARN_UNGUARDED_AVAILABILITY = YES_AGGRESSIVE;
				CLANG_WARN_UNREACHABLE_CODE = YES;
				CLANG_WARN__DUPLICATE_METHOD_MATCH = YES;
				COPY_PHASE_STRIP = NO;
				DEBUG_INFORMATION_FORMAT = "dwarf-with-dsym";
				ENABLE_NS_ASSERTIONS = NO;
				ENABLE_STRICT_OBJC_MSGSEND = YES;
				ENABLE_USER_SCRIPT_SANDBOXING = YES;
				GCC_C_LANGUAGE_STANDARD = gnu17;
				GCC_NO_COMMON_BLOCKS = YES;
				GCC_WARN_64_TO_32_BIT_CONVERSION = YES;
				GCC_WARN_ABOUT_RETURN_TYPE = YES_ERROR;
				GCC_WARN_UNDECLARED_SELECTOR = YES;
				GCC_WARN_UNINITIALIZED_AUTOS = YES_AGGRESSIVE;
				GCC_WARN_UNUSED_FUNCTION = YES;
				GCC_WARN_UNUSED_VARIABLE = YES;
				IPHONEOS_DEPLOYMENT_TARGET = 17.2;
				LOCALIZATION_PREFERS_STRING_CATALOGS = YES;
				MTL_ENABLE_DEBUG_INFO = NO;
				MTL_FAST_MATH = YES;
				SDKROOT = iphoneos;
				SWIFT_COMPILATION_MODE = wholemodule;
				VALIDATE_PRODUCT = YES;
			};
			name = Release;
		};
		FAFEE9AF2B9FD10300B8A7A6 /* Debug */ = {
			isa = XCBuildConfiguration;
			buildSettings = {
				ASSETCATALOG_COMPILER_APPICON_NAME = AppIcon;
				ASSETCATALOG_COMPILER_GLOBAL_ACCENT_COLOR_NAME = AccentColor;
				CODE_SIGN_STYLE = Automatic;
				CURRENT_PROJECT_VERSION = 1;
				DEVELOPMENT_ASSET_PATHS = "\"SonicSynopsis/Preview Content\"";
				DEVELOPMENT_TEAM = BT7BC8G5D7;
				ENABLE_PREVIEWS = YES;
				GENERATE_INFOPLIST_FILE = YES;
				INFOPLIST_FILE = SonicSynopsis/Info.plist;
				INFOPLIST_KEY_NSMicrophoneUsageDescription = "";
				INFOPLIST_KEY_NSSpeechRecognitionUsageDescription = "";
				INFOPLIST_KEY_UIApplicationSceneManifest_Generation = YES;
				INFOPLIST_KEY_UIApplicationSupportsIndirectInputEvents = YES;
				INFOPLIST_KEY_UILaunchScreen_Generation = YES;
				INFOPLIST_KEY_UISupportedInterfaceOrientations_iPad = "UIInterfaceOrientationPortrait UIInterfaceOrientationPortraitUpsideDown UIInterfaceOrientationLandscapeLeft UIInterfaceOrientationLandscapeRight";
				INFOPLIST_KEY_UISupportedInterfaceOrientations_iPhone = "UIInterfaceOrientationPortrait UIInterfaceOrientationLandscapeLeft UIInterfaceOrientationLandscapeRight";
				IPHONEOS_DEPLOYMENT_TARGET = 15.0;
				LD_RUNPATH_SEARCH_PATHS = (
					"$(inherited)",
					"@executable_path/Frameworks",
				);
				MARKETING_VERSION = 1.0;
				PRODUCT_BUNDLE_IDENTIFIER = amitsinghbal27.SonicSynopsis;
				PRODUCT_NAME = "$(TARGET_NAME)";
				SWIFT_EMIT_LOC_STRINGS = YES;
				SWIFT_VERSION = 5.0;
				TARGETED_DEVICE_FAMILY = 1;
			};
			name = Debug;
		};
		FAFEE9B02B9FD10300B8A7A6 /* Release */ = {
			isa = XCBuildConfiguration;
			buildSettings = {
				ASSETCATALOG_COMPILER_APPICON_NAME = AppIcon;
				ASSETCATALOG_COMPILER_GLOBAL_ACCENT_COLOR_NAME = AccentColor;
				CODE_SIGN_STYLE = Automatic;
				CURRENT_PROJECT_VERSION = 1;
				DEVELOPMENT_ASSET_PATHS = "\"SonicSynopsis/Preview Content\"";
				DEVELOPMENT_TEAM = BT7BC8G5D7;
				ENABLE_PREVIEWS = YES;
				GENERATE_INFOPLIST_FILE = YES;
				INFOPLIST_FILE = SonicSynopsis/Info.plist;
				INFOPLIST_KEY_NSMicrophoneUsageDescription = "";
				INFOPLIST_KEY_NSSpeechRecognitionUsageDescription = "";
				INFOPLIST_KEY_UIApplicationSceneManifest_Generation = YES;
				INFOPLIST_KEY_UIApplicationSupportsIndirectInputEvents = YES;
				INFOPLIST_KEY_UILaunchScreen_Generation = YES;
				INFOPLIST_KEY_UISupportedInterfaceOrientations_iPad = "UIInterfaceOrientationPortrait UIInterfaceOrientationPortraitUpsideDown UIInterfaceOrientationLandscapeLeft UIInterfaceOrientationLandscapeRight";
				INFOPLIST_KEY_UISupportedInterfaceOrientations_iPhone = "UIInterfaceOrientationPortrait UIInterfaceOrientationLandscapeLeft UIInterfaceOrientationLandscapeRight";
				IPHONEOS_DEPLOYMENT_TARGET = 15.0;
				LD_RUNPATH_SEARCH_PATHS = (
					"$(inherited)",
					"@executable_path/Frameworks",
				);
				MARKETING_VERSION = 1.0;
				PRODUCT_BUNDLE_IDENTIFIER = amitsinghbal27.SonicSynopsis;
				PRODUCT_NAME = "$(TARGET_NAME)";
				SWIFT_EMIT_LOC_STRINGS = YES;
				SWIFT_VERSION = 5.0;
				TARGETED_DEVICE_FAMILY = 1;
			};
			name = Release;
		};
/* End XCBuildConfiguration section */

/* Begin XCConfigurationList section */
		FAFEE99B2B9FD10000B8A7A6 /* Build configuration list for PBXProject "SonicSynopsis" */ = {
			isa = XCConfigurationList;
			buildConfigurations = (
				FAFEE9AC2B9FD10300B8A7A6 /* Debug */,
				FAFEE9AD2B9FD10300B8A7A6 /* Release */,
			);
			defaultConfigurationIsVisible = 0;
			defaultConfigurationName = Release;
		};
		FAFEE9AE2B9FD10300B8A7A6 /* Build configuration list for PBXNativeTarget "SonicSynopsis" */ = {
			isa = XCConfigurationList;
			buildConfigurations = (
				FAFEE9AF2B9FD10300B8A7A6 /* Debug */,
				FAFEE9B02B9FD10300B8A7A6 /* Release */,
			);
			defaultConfigurationIsVisible = 0;
			defaultConfigurationName = Release;
		};
/* End XCConfigurationList section */

/* Begin XCRemoteSwiftPackageReference section */
		FAA960562BAD2402001E62A8 /* XCRemoteSwiftPackageReference "generative-ai-swift" */ = {
			isa = XCRemoteSwiftPackageReference;
			repositoryURL = "https://github.com/google/generative-ai-swift";
			requirement = {
				kind = upToNextMajorVersion;
				minimumVersion = 0.4.8;
			};
		};
		FAA9605B2BADA43E001E62A8 /* XCRemoteSwiftPackageReference "swift-algorithms" */ = {
			isa = XCRemoteSwiftPackageReference;
			repositoryURL = "https://github.com/apple/swift-algorithms.git";
			requirement = {
				kind = upToNextMajorVersion;
				minimumVersion = 1.2.0;
			};
		};
/* End XCRemoteSwiftPackageReference section */

/* Begin XCSwiftPackageProductDependency section */
		FAA960572BAD2402001E62A8 /* GoogleGenerativeAI */ = {
			isa = XCSwiftPackageProductDependency;
			package = FAA960562BAD2402001E62A8 /* XCRemoteSwiftPackageReference "generative-ai-swift" */;
			productName = GoogleGenerativeAI;
		};
		FAA9605C2BADA43E001E62A8 /* Algorithms */ = {
			isa = XCSwiftPackageProductDependency;
			package = FAA9605B2BADA43E001E62A8 /* XCRemoteSwiftPackageReference "swift-algorithms" */;
			productName = Algorithms;
		};
/* End XCSwiftPackageProductDependency section */
	};
	rootObject = FAFEE9982B9FD10000B8A7A6 /* Project object */;
}
